{
  "name": "madinah-initiatives-platform",
  "version": "1.0.0",
  "lockfileVersion": 3,
  "requires": true,
  "packages": {
    "": {
      "name": "madinah-initiatives-platform",
      "version": "1.0.0",
      "license": "UNLICENSED",
      "engines": {
        "node": ">=20"
      }
    }
  }
}
